dependencies:
- name: valkey
  repository: oci://ghcr.io/valkey-io/valkey-helm
  version: 0.11.0
- name: cluster
  repository: https://cloudnative-pg.github.io/charts
  version: 0.8.0
- name: seaweedfs
  repository: https://seaweedfs.github.io/seaweedfs/helm
  version: 4.41.0
digest: sha256:bf3c861fc06a9d526bf020323156589c564bb2d93d948b86ccb7c746c92182c2
generated: "2026-08-17T15:46:22.370124677-04:00"
