dependencies:
- name: valkey
  repository: oci://ghcr.io/valkey-io/valkey-helm
  version: 0.11.0
- name: cluster
  repository: https://cloudnative-pg.github.io/charts
  version: 0.8.0
digest: sha256:833a704e62d5ef4e34f9a33c45932d84ba53f1a370f504bd45daf112ef71282f
generated: "2026-08-14T15:30:28.185960161-04:00"
