dependencies:
- name: valkey
  repository: oci://ghcr.io/valkey-io/valkey-helm
  version: 0.11.0
- name: cluster
  repository: https://cloudnative-pg.github.io/charts
  version: 0.8.0
- name: rustfs
  repository: https://charts.rustfs.com
  version: 1.0.0-rc.2
digest: sha256:2a8b5fda3ed074ef65431be8f9a7dfa5a16dcb0c413b642feca4cda6d69e86f5
generated: "2026-08-17T16:01:07.925530044-04:00"
