github.com/conduitio/bwlimit v0.1.0 h1:x3ijON0TSghQob4tFKaEvKixFmYKfVJQeSpXluC2JvE=
github.com/conduitio/bwlimit v0.1.0/go.mod h1:E+ASZ1/5L33MTb8hJTERs5Xnmh6Ulq3jbRh7LrdbXWU=
github.com/creack/pty v1.1.18 h1:n56/Zwd5o6whRC5PMGretI4IdRLlmBXYNjScPaBgsbY=
github.com/creack/pty v1.1.18/go.mod h1:MOBLtS5ELjhRRrroQr9kyvTxUAFNvYEK993ew/Vr4O4=
github.com/gokrazy/rsync v0.0.0-20250601185929-d3cb1d4a4fcd h1:SF3hnrM/YPI+GQJnWq2ldcWZ0Y6Bdm+VP3KItdoxRL4=
github.com/gokrazy/rsync v0.0.0-20250601185929-d3cb1d4a4fcd/go.mod h1:nrvfy+3qYcxt92pGtVa38uKlQ0dl2SrXEmtIaY/vCHA=
github.com/google/go-cmp v0.6.0 h1:ofyhxvXcZhMsU5ulbFiLKl/XBFqE1GSq7atu8tAmTRI=
github.com/google/go-cmp v0.6.0/go.mod h1:17dUlkBOakJ0+DkrSSNjCkIjxS6bF9zb3elmeNGIjoY=
github.com/google/renameio/v2 v2.0.0 h1:UifI23ZTGY8Tt29JbYFiuyIU3eX+RNFtUwefq9qAhxg=
github.com/google/renameio/v2 v2.0.0/go.mod h1:BtmJXm5YlszgC+TD4HOEEUFgkJP3nLxehU6hfe7jRt4=
github.com/google/shlex v0.0.0-20191202100458-e7afc7fbc510 h1:El6M4kTTCOh6aBiKaUGG7oYTSPP8MxqL4YI3kZKwcP4=
github.com/google/shlex v0.0.0-20191202100458-e7afc7fbc510/go.mod h1:pupxD2MaaD3pAXIBCelhxNneeOaAeabZDe5s4K6zSpQ=
github.com/gorilla/websocket v1.5.0 h1:PPwGk2jz7EePpoHN/+ClbZu8SPxiqlu12wZP/3sWmnc=
github.com/gorilla/websocket v1.5.0/go.mod h1:YR8l580nyteQvAITg2hZ9XVh4b55+EU/adAjf1fMHhE=
github.com/landlock-lsm/go-landlock v0.0.0-20250303204525-1544bccde3a3 h1:zcMi8R8vP0WrrXlFMNUBpDy/ydo3sTnCcUPowq1XmSc=
github.com/landlock-lsm/go-landlock v0.0.0-20250303204525-1544bccde3a3/go.mod h1:RSub3ourNF8Hf+swvw49Catm3s7HVf4hzdFxDUnEzdA=
github.com/mmcloughlin/md4 v0.1.2 h1:kGYl+iNbxhyz4u76ka9a+0TXP9KWt/LmnM0QhZwhcBo=
github.com/mmcloughlin/md4 v0.1.2/go.mod h1:AAxFX59fddW0IguqNzWlf1lazh1+rXeIt/Bj49cqDTQ=
golang.org/x/sync v0.13.0 h1:AauUjRAJ9OSnvULf/ARrrVywoJDy0YS2AwQ98I37610=
golang.org/x/sync v0.13.0/go.mod h1:1dzgHSNfp02xaA81J2MS99Qcpr2w7fw1gpm99rleRqA=
golang.org/x/sys v0.32.0 h1:s77OFDvIQeibCmezSnk/q6iAfkdiQaJi4VzroCFrN20=
golang.org/x/sys v0.32.0/go.mod h1:BJP2sWEmIv4KK5OTEluFJCKSidICx8ciO85XgH3Ak8k=
golang.org/x/time v0.3.0 h1:rg5rLMjNzMS1RkNLzCG38eapWhnYLFYXDXj2gOlr8j4=
golang.org/x/time v0.3.0/go.mod h1:tRJNPiyCQ0inRvYxbN9jk5I+vvW/OXSQhTDSoE431IQ=
gopkg.in/check.v1 v0.0.0-20161208181325-20d25e280405 h1:yhCVgyC4o1eVCa2tZl7eS0r+SDo693bJlVdllGtEeKM=
gopkg.in/check.v1 v0.0.0-20161208181325-20d25e280405/go.mod h1:Co6ibVJAznAaIkqp8huTwlJQCZ016jof/cbN4VW5Yz0=
gopkg.in/yaml.v3 v3.0.1 h1:fxVm/GzAzEWqLHuvctI91KS9hhNmmWOoWu0XTYJS7CA=
gopkg.in/yaml.v3 v3.0.1/go.mod h1:K4uyk7z7BCEPqu6E+C64Yfv1cQ7kz7rIZviUmN+EgEM=
kernel.org/pub/linux/libs/security/libcap/psx v1.2.76 h1:3DyzQ30OHt3wiOZVL1se2g1PAPJIU7+tMUyvfMUj1dY=
kernel.org/pub/linux/libs/security/libcap/psx v1.2.76/go.mod h1:+l6Ee2F59XiJ2I6WR5ObpC1utCQJZ/VLsEbQCD8RG24=
